
Microsoft Visual Studio Solution File, Format Version 12.00
# Visual Studio Version 16
VisualStudioVersion = 16.0.28729.10
MinimumVisualStudioVersion = 10.0.40219.1
Project("{888888A0-9F3D-457C-B088-3A5042F75D52}") = "Replace With Alphabet Position", "Replace With Alphabet Position.pyproj", "{792CB4C8-556B-460C-8FF5-C5E12F567DDE}"
EndProject
Global
	GlobalSection(SolutionConfigurationPlatforms) = preSolution
		Debug|Any CPU = Debug|Any CPU
		Release|Any CPU = Release|Any CPU
	EndGlobalSection
	GlobalSection(ProjectConfigurationPlatforms) = postSolution
		{792CB4C8-556B-460C-8FF5-C5E12F567DDE}.Debug|Any CPU.ActiveCfg = Debug|Any CPU
		{792CB4C8-556B-460C-8FF5-C5E12F567DDE}.Release|Any CPU.ActiveCfg = Release|Any CPU
	EndGlobalSection
	GlobalSection(SolutionProperties) = preSolution
		HideSolutionNode = FALSE
	EndGlobalSection
	GlobalSection(ExtensibilityGlobals) = postSolution
		SolutionGuid = {826886E4-ACD3-447A-8B27-67E088C4420E}
	EndGlobalSection
EndGlobal
